// !$*UTF8*$!
{
	archiveVersion = 1;
	classes = {
	};
	objectVersion = 55;
	objects = {

/* Begin PBXBuildFile section */
		ED17B5822795747100C7DE6C /* AppDelegate.swift in Sources */ = {isa = PBXBuildFile; fileRef = ED17B5812795747100C7DE6C /* AppDelegate.swift */; };
		ED17B5842795747100C7DE6C /* SceneDelegate.swift in Sources */ = {isa = PBXBuildFile; fileRef = ED17B5832795747100C7DE6C /* SceneDelegate.swift */; };
		ED17B5862795747100C7DE6C /* ViewController.swift in Sources */ = {isa = PBXBuildFile; fileRef = ED17B5852795747100C7DE6C /* ViewController.swift */; };
		ED17B5892795747100C7DE6C /* Main.storyboard in Resources */ = {isa = PBXBuildFile; fileRef = ED17B5872795747100C7DE6C /* Main.storyboard */; };
		ED17B58B2795747400C7DE6C /* Assets.xcassets in Resources */ = {isa = PBXBuildFile; fileRef = ED17B58A2795747400C7DE6C /* Assets.xcassets */; };
		ED17B58E2795747400C7DE6C /* LaunchScreen.storyboard in Resources */ = {isa = PBXBuildFile; fileRef = ED17B58C2795747400C7DE6C /* LaunchScreen.storyboard */; };
		ED17B59A279574F200C7DE6C /* StepsView.xib in Resources */ = {isa = PBXBuildFile; fileRef = ED17B599279574F200C7DE6C /* StepsView.xib */; };
		ED17B59C279574FC00C7DE6C /* StepsView.swift in Sources */ = {isa = PBXBuildFile; fileRef = ED17B59B279574FC00C7DE6C /* StepsView.swift */; };
		ED17B59F2795755400C7DE6C /* StepIconCell.xib in Resources */ = {isa = PBXBuildFile; fileRef = ED17B59E2795755400C7DE6C /* StepIconCell.xib */; };
		ED17B5A22795758000C7DE6C /* StepIconCell.swift in Sources */ = {isa = PBXBuildFile; fileRef = ED17B5A12795758000C7DE6C /* StepIconCell.swift */; };
		ED17B5A5279575EA00C7DE6C /* Extensions + UIColor.swift in Sources */ = {isa = PBXBuildFile; fileRef = ED17B5A4279575EA00C7DE6C /* Extensions + UIColor.swift */; };
		ED17B5A8279576AC00C7DE6C /* Extensions + UIView.swift in Sources */ = {isa = PBXBuildFile; fileRef = ED17B5A7279576AC00C7DE6C /* Extensions + UIView.swift */; };
		ED17B5AD27957B4600C7DE6C /* FirstStepCell.swift in Sources */ = {isa = PBXBuildFile; fileRef = ED17B5AB27957B4600C7DE6C /* FirstStepCell.swift */; };
		ED17B5AE27957B4600C7DE6C /* FirstStepCell.xib in Resources */ = {isa = PBXBuildFile; fileRef = ED17B5AC27957B4600C7DE6C /* FirstStepCell.xib */; };
		ED17B5B927957BE500C7DE6C /* ThirdStepCell.swift in Sources */ = {isa = PBXBuildFile; fileRef = ED17B5B727957BE500C7DE6C /* ThirdStepCell.swift */; };
		ED17B5BA27957BE500C7DE6C /* ThirdStepCell.xib in Resources */ = {isa = PBXBuildFile; fileRef = ED17B5B827957BE500C7DE6C /* ThirdStepCell.xib */; };
		ED17B5BD27957C1B00C7DE6C /* Extensions + UICollectionView.swift in Sources */ = {isa = PBXBuildFile; fileRef = ED17B5BC27957C1B00C7DE6C /* Extensions + UICollectionView.swift */; };
		ED17B5C127957E4E00C7DE6C /* SecondStepCell.swift in Sources */ = {isa = PBXBuildFile; fileRef = ED17B5BF27957E4E00C7DE6C /* SecondStepCell.swift */; };
		ED17B5C227957E4E00C7DE6C /* SecondStepCell.xib in Resources */ = {isa = PBXBuildFile; fileRef = ED17B5C027957E4E00C7DE6C /* SecondStepCell.xib */; };
/* End PBXBuildFile section */

/* Begin PBXFileReference section */
		ED17B57E2795747100C7DE6C /* StepperView.app */ = {isa = PBXFileReference; explicitFileType = wrapper.application; includeInIndex = 0; path = StepperView.app; sourceTree = BUILT_PRODUCTS_DIR; };
		ED17B5812795747100C7DE6C /* AppDelegate.swift */ = {isa = PBXFileReference; lastKnownFileType = sourcecode.swift; path = AppDelegate.swift; sourceTree = "<group>"; };
		ED17B5832795747100C7DE6C /* SceneDelegate.swift */ = {isa = PBXFileReference; lastKnownFileType = sourcecode.swift; path = SceneDelegate.swift; sourceTree = "<group>"; };
		ED17B5852795747100C7DE6C /* ViewController.swift */ = {isa = PBXFileReference; lastKnownFileType = sourcecode.swift; path = ViewController.swift; sourceTree = "<group>"; };
		ED17B5882795747100C7DE6C /* Base */ = {isa = PBXFileReference; lastKnownFileType = file.storyboard; name = Base; path = Base.lproj/Main.storyboard; sourceTree = "<group>"; };
		ED17B58A2795747400C7DE6C /* Assets.xcassets */ = {isa = PBXFileReference; lastKnownFileType = folder.assetcatalog; path = Assets.xcassets; sourceTree = "<group>"; };
		ED17B58D2795747400C7DE6C /* Base */ = {isa = PBXFileReference; lastKnownFileType = file.storyboard; name = Base; path = Base.lproj/LaunchScreen.storyboard; sourceTree = "<group>"; };
		ED17B58F2795747400C7DE6C /* Info.plist */ = {isa = PBXFileReference; lastKnownFileType = text.plist.xml; path = Info.plist; sourceTree = "<group>"; };
		ED17B599279574F200C7DE6C /* StepsView.xib */ = {isa = PBXFileReference; fileEncoding = 4; lastKnownFileType = file.xib; path = StepsView.xib; sourceTree = "<group>"; };
		ED17B59B279574FC00C7DE6C /* StepsView.swift */ = {isa = PBXFileReference; lastKnownFileType = sourcecode.swift; path = StepsView.swift; sourceTree = "<group>"; };
		ED17B59E2795755400C7DE6C /* StepIconCell.xib */ = {isa = PBXFileReference; fileEncoding = 4; lastKnownFileType = file.xib; path = StepIconCell.xib; sourceTree = "<group>"; };
		ED17B5A12795758000C7DE6C /* StepIconCell.swift */ = {isa = PBXFileReference; lastKnownFileType = sourcecode.swift; path = StepIconCell.swift; sourceTree = "<group>"; };
		ED17B5A4279575EA00C7DE6C /* Extensions + UIColor.swift */ = {isa = PBXFileReference; lastKnownFileType = sourcecode.swift; path = "Extensions + UIColor.swift"; sourceTree = "<group>"; };
		ED17B5A7279576AC00C7DE6C /* Extensions + UIView.swift */ = {isa = PBXFileReference; lastKnownFileType = sourcecode.swift; path = "Extensions + UIView.swift"; sourceTree = "<group>"; };
		ED17B5AB27957B4600C7DE6C /* FirstStepCell.swift */ = {isa = PBXFileReference; lastKnownFileType = sourcecode.swift; path = FirstStepCell.swift; sourceTree = "<group>"; };
		ED17B5AC27957B4600C7DE6C /* FirstStepCell.xib */ = {isa = PBXFileReference; lastKnownFileType = file.xib; path = FirstStepCell.xib; sourceTree = "<group>"; };
		ED17B5B727957BE500C7DE6C /* ThirdStepCell.swift */ = {isa = PBXFileReference; lastKnownFileType = sourcecode.swift; path = ThirdStepCell.swift; sourceTree = "<group>"; };
		ED17B5B827957BE500C7DE6C /* ThirdStepCell.xib */ = {isa = PBXFileReference; lastKnownFileType = file.xib; path = ThirdStepCell.xib; sourceTree = "<group>"; };
		ED17B5BC27957C1B00C7DE6C /* Extensions + UICollectionView.swift */ = {isa = PBXFileReference; lastKnownFileType = sourcecode.swift; path = "Extensions + UICollectionView.swift"; sourceTree = "<group>"; };
		ED17B5BF27957E4E00C7DE6C /* SecondStepCell.swift */ = {isa = PBXFileReference; lastKnownFileType = sourcecode.swift; path = SecondStepCell.swift; sourceTree = "<group>"; };
		ED17B5C027957E4E00C7DE6C /* SecondStepCell.xib */ = {isa = PBXFileReference; lastKnownFileType = file.xib; path = SecondStepCell.xib; sourceTree = "<group>"; };
/* End PBXFileReference section */

/* Begin PBXFrameworksBuildPhase section */
		ED17B57B2795747100C7DE6C /* Frameworks */ = {
			isa = PBXFrameworksBuildPhase;
			buildActionMask = 2147483647;
			files = (
			);
			runOnlyForDeploymentPostprocessing = 0;
		};
/* End PBXFrameworksBuildPhase section */

/* Begin PBXGroup section */
		ED17B5752795747100C7DE6C = {
			isa = PBXGroup;
			children = (
				ED17B5802795747100C7DE6C /* StepperView */,
				ED17B57F2795747100C7DE6C /* Products */,
			);
			sourceTree = "<group>";
		};
		ED17B57F2795747100C7DE6C /* Products */ = {
			isa = PBXGroup;
			children = (
				ED17B57E2795747100C7DE6C /* StepperView.app */,
			);
			name = Products;
			sourceTree = "<group>";
		};
		ED17B5802795747100C7DE6C /* StepperView */ = {
			isa = PBXGroup;
			children = (
				ED17B5A3279575D600C7DE6C /* Extensions */,
				ED17B597279574A200C7DE6C /* Stepper View Helpers */,
				ED17B5952795747A00C7DE6C /* Delegates */,
				ED17B5962795748D00C7DE6C /* Views */,
				ED17B58A2795747400C7DE6C /* Assets.xcassets */,
				ED17B58C2795747400C7DE6C /* LaunchScreen.storyboard */,
				ED17B58F2795747400C7DE6C /* Info.plist */,
			);
			path = StepperView;
			sourceTree = "<group>";
		};
		ED17B5952795747A00C7DE6C /* Delegates */ = {
			isa = PBXGroup;
			children = (
				ED17B5812795747100C7DE6C /* AppDelegate.swift */,
				ED17B5832795747100C7DE6C /* SceneDelegate.swift */,
			);
			path = Delegates;
			sourceTree = "<group>";
		};
		ED17B5962795748D00C7DE6C /* Views */ = {
			isa = PBXGroup;
			children = (
				ED17B5A927957B1800C7DE6C /* ReusableViews */,
				ED17B5852795747100C7DE6C /* ViewController.swift */,
				ED17B5872795747100C7DE6C /* Main.storyboard */,
			);
			path = Views;
			sourceTree = "<group>";
		};
		ED17B597279574A200C7DE6C /* Stepper View Helpers */ = {
			isa = PBXGroup;
			children = (
				ED17B59D2795752E00C7DE6C /* Step Icon Cell */,
				ED17B598279574D700C7DE6C /* Steps View */,
			);
			path = "Stepper View Helpers";
			sourceTree = "<group>";
		};
		ED17B598279574D700C7DE6C /* Steps View */ = {
			isa = PBXGroup;
			children = (
				ED17B59B279574FC00C7DE6C /* StepsView.swift */,
				ED17B599279574F200C7DE6C /* StepsView.xib */,
			);
			path = "Steps View";
			sourceTree = "<group>";
		};
		ED17B59D2795752E00C7DE6C /* Step Icon Cell */ = {
			isa = PBXGroup;
			children = (
				ED17B59E2795755400C7DE6C /* StepIconCell.xib */,
				ED17B5A12795758000C7DE6C /* StepIconCell.swift */,
			);
			path = "Step Icon Cell";
			sourceTree = "<group>";
		};
		ED17B5A3279575D600C7DE6C /* Extensions */ = {
			isa = PBXGroup;
			children = (
				ED17B5A4279575EA00C7DE6C /* Extensions + UIColor.swift */,
				ED17B5A7279576AC00C7DE6C /* Extensions + UIView.swift */,
				ED17B5BC27957C1B00C7DE6C /* Extensions + UICollectionView.swift */,
			);
			path = Extensions;
			sourceTree = "<group>";
		};
		ED17B5A927957B1800C7DE6C /* ReusableViews */ = {
			isa = PBXGroup;
			children = (
				ED17B5AA27957B2300C7DE6C /* FirstStepCell */,
				ED17B5AF27957B6F00C7DE6C /* SecondStepCell */,
				ED17B5B427957BBA00C7DE6C /* ThirdStepCell */,
			);
			path = ReusableViews;
			sourceTree = "<group>";
		};
		ED17B5AA27957B2300C7DE6C /* FirstStepCell */ = {
			isa = PBXGroup;
			children = (
				ED17B5AB27957B4600C7DE6C /* FirstStepCell.swift */,
				ED17B5AC27957B4600C7DE6C /* FirstStepCell.xib */,
			);
			path = FirstStepCell;
			sourceTree = "<group>";
		};
		ED17B5AF27957B6F00C7DE6C /* SecondStepCell */ = {
			isa = PBXGroup;
			children = (
				ED17B5BF27957E4E00C7DE6C /* SecondStepCell.swift */,
				ED17B5C027957E4E00C7DE6C /* SecondStepCell.xib */,
			);
			path = SecondStepCell;
			sourceTree = "<group>";
		};
		ED17B5B427957BBA00C7DE6C /* ThirdStepCell */ = {
			isa = PBXGroup;
			children = (
				ED17B5B727957BE500C7DE6C /* ThirdStepCell.swift */,
				ED17B5B827957BE500C7DE6C /* ThirdStepCell.xib */,
			);
			path = ThirdStepCell;
			sourceTree = "<group>";
		};
/* End PBXGroup section */

/* Begin PBXNativeTarget section */
		ED17B57D2795747100C7DE6C /* StepperView */ = {
			isa = PBXNativeTarget;
			buildConfigurationList = ED17B5922795747400C7DE6C /* Build configuration list for PBXNativeTarget "StepperView" */;
			buildPhases = (
				ED17B57A2795747100C7DE6C /* Sources */,
				ED17B57B2795747100C7DE6C /* Frameworks */,
				ED17B57C2795747100C7DE6C /* Resources */,
			);
			buildRules = (
			);
			dependencies = (
			);
			name = StepperView;
			productName = StepperView;
			productReference = ED17B57E2795747100C7DE6C /* StepperView.app */;
			productType = "com.apple.product-type.application";
		};
/* End PBXNativeTarget section */

/* Begin PBXProject section */
		ED17B5762795747100C7DE6C /* Project object */ = {
			isa = PBXProject;
			attributes = {
				BuildIndependentTargetsInParallel = 1;
				LastSwiftUpdateCheck = 1300;
				LastUpgradeCheck = 1300;
				TargetAttributes = {
					ED17B57D2795747100C7DE6C = {
						CreatedOnToolsVersion = 13.0;
					};
				};
			};
			buildConfigurationList = ED17B5792795747100C7DE6C /* Build configuration list for PBXProject "StepperView" */;
			compatibilityVersion = "Xcode 13.0";
			developmentRegion = en;
			hasScannedForEncodings = 0;
			knownRegions = (
				en,
				Base,
			);
			mainGroup = ED17B5752795747100C7DE6C;
			productRefGroup = ED17B57F2795747100C7DE6C /* Products */;
			projectDirPath = "";
			projectRoot = "";
			targets = (
				ED17B57D2795747100C7DE6C /* StepperView */,
			);
		};
/* End PBXProject section */

/* Begin PBXResourcesBuildPhase section */
		ED17B57C2795747100C7DE6C /* Resources */ = {
			isa = PBXResourcesBuildPhase;
			buildActionMask = 2147483647;
			files = (
				ED17B59A279574F200C7DE6C /* StepsView.xib in Resources */,
				ED17B5BA27957BE500C7DE6C /* ThirdStepCell.xib in Resources */,
				ED17B59F2795755400C7DE6C /* StepIconCell.xib in Resources */,
				ED17B5C227957E4E00C7DE6C /* SecondStepCell.xib in Resources */,
				ED17B58E2795747400C7DE6C /* LaunchScreen.storyboard in Resources */,
				ED17B58B2795747400C7DE6C /* Assets.xcassets in Resources */,
				ED17B5AE27957B4600C7DE6C /* FirstStepCell.xib in Resources */,
				ED17B5892795747100C7DE6C /* Main.storyboard in Resources */,
			);
			runOnlyForDeploymentPostprocessing = 0;
		};
/* End PBXResourcesBuildPhase section */

/* Begin PBXSourcesBuildPhase section */
		ED17B57A2795747100C7DE6C /* Sources */ = {
			isa = PBXSourcesBuildPhase;
			buildActionMask = 2147483647;
			files = (
				ED17B59C279574FC00C7DE6C /* StepsView.swift in Sources */,
				ED17B5862795747100C7DE6C /* ViewController.swift in Sources */,
				ED17B5BD27957C1B00C7DE6C /* Extensions + UICollectionView.swift in Sources */,
				ED17B5AD27957B4600C7DE6C /* FirstStepCell.swift in Sources */,
				ED17B5A8279576AC00C7DE6C /* Extensions + UIView.swift in Sources */,
				ED17B5822795747100C7DE6C /* AppDelegate.swift in Sources */,
				ED17B5A5279575EA00C7DE6C /* Extensions + UIColor.swift in Sources */,
				ED17B5842795747100C7DE6C /* SceneDelegate.swift in Sources */,
				ED17B5A22795758000C7DE6C /* StepIconCell.swift in Sources */,
				ED17B5C127957E4E00C7DE6C /* SecondStepCell.swift in Sources */,
				ED17B5B927957BE500C7DE6C /* ThirdStepCell.swift in Sources */,
			);
			runOnlyForDeploymentPostprocessing = 0;
		};
/* End PBXSourcesBuildPhase section */

/* Begin PBXVariantGroup section */
		ED17B5872795747100C7DE6C /* Main.storyboard */ = {
			isa = PBXVariantGroup;
			children = (
				ED17B5882795747100C7DE6C /* Base */,
			);
			name = Main.storyboard;
			sourceTree = "<group>";
		};
		ED17B58C2795747400C7DE6C /* LaunchScreen.storyboard */ = {
			isa = PBXVariantGroup;
			children = (
				ED17B58D2795747400C7DE6C /* Base */,
			);
			name = LaunchScreen.storyboard;
			sourceTree = "<group>";
		};
/* End PBXVariantGroup section */

/* Begin XCBuildConfiguration section */
		ED17B5902795747400C7DE6C /* Debug */ = {
			isa = XCBuildConfiguration;
			buildSettings = {
				ALWAYS_SEARCH_USER_PATHS = NO;
				CLANG_ANALYZER_NONNULL = YES;
				CLANG_ANALYZER_NUMBER_OBJECT_CONVERSION = YES_AGGRESSIVE;
				CLANG_CXX_LANGUAGE_STANDARD = "gnu++17";
				CLANG_CXX_LIBRARY = "libc++";
				CLANG_ENABLE_MODULES = YES;
				CLANG_ENABLE_OBJC_ARC = YES;
				CLANG_ENABLE_OBJC_WEAK = YES;
				CLANG_WARN_BLOCK_CAPTURE_AUTORELEASING = YES;
				CLANG_WARN_BOOL_CONVERSION = YES;
				CLANG_WARN_COMMA = YES;
				CLANG_WARN_CONSTANT_CONVERSION = YES;
				CLANG_WARN_DEPRECATED_OBJC_IMPLEMENTATIONS = YES;
				CLANG_WARN_DIRECT_OBJC_ISA_USAGE = YES_ERROR;
				CLANG_WARN_DOCUMENTATION_COMMENTS = YES;
				CLANG_WARN_EMPTY_BODY = YES;
				CLANG_WARN_ENUM_CONVERSION = YES;
				CLANG_WARN_INFINITE_RECURSION = YES;
				CLANG_WARN_INT_CONVERSION = YES;
				CLANG_WARN_NON_LITERAL_NULL_CONVERSION = YES;
				CLANG_WARN_OBJC_IMPLICIT_RETAIN_SELF = YES;
				CLANG_WARN_OBJC_LITERAL_CONVERSION = YES;
				CLANG_WARN_OBJC_ROOT_CLASS = YES_ERROR;
				CLANG_WARN_QUOTED_INCLUDE_IN_FRAMEWORK_HEADER = YES;
				CLANG_WARN_RANGE_LOOP_ANALYSIS = YES;
				CLANG_WARN_STRICT_PROTOTYPES = YES;
				CLANG_WARN_SUSPICIOUS_MOVE = YES;
				CLANG_WARN_UNGUARDED_AVAILABILITY = YES_AGGRESSIVE;
				CLANG_WARN_UNREACHABLE_CODE = YES;
				CLANG_WARN__DUPLICATE_METHOD_MATCH = YES;
				COPY_PHASE_STRIP = NO;
				DEBUG_INFORMATION_FORMAT = dwarf;
				ENABLE_STRICT_OBJC_MSGSEND = YES;
				ENABLE_TESTABILITY = YES;
				GCC_C_LANGUAGE_STANDARD = gnu11;
				GCC_DYNAMIC_NO_PIC = NO;
				GCC_NO_COMMON_BLOCKS = YES;
				GCC_OPTIMIZATION_LEVEL = 0;
				GCC_PREPROCESSOR_DEFINITIONS = (
					"DEBUG=1",
					"$(inherited)",
				);
				GCC_WARN_64_TO_32_BIT_CONVERSION = YES;
				GCC_WARN_ABOUT_RETURN_TYPE = YES_ERROR;
				GCC_WARN_UNDECLARED_SELECTOR = YES;
				GCC_WARN_UNINITIALIZED_AUTOS = YES_AGGRESSIVE;
				GCC_WARN_UNUSED_FUNCTION = YES;
				GCC_WARN_UNUSED_VARIABLE = YES;
				IPHONEOS_DEPLOYMENT_TARGET = 15.0;
				MTL_ENABLE_DEBUG_INFO = INCLUDE_SOURCE;
				MTL_FAST_MATH = YES;
				ONLY_ACTIVE_ARCH = YES;
				SDKROOT = iphoneos;
				SWIFT_ACTIVE_COMPILATION_CONDITIONS = DEBUG;
				SWIFT_OPTIMIZATION_LEVEL = "-Onone";
			};
			name = Debug;
		};
		ED17B5912795747400C7DE6C /* Release */ = {
			isa = XCBuildConfiguration;
			buildSettings = {
				ALWAYS_SEARCH_USER_PATHS = NO;
				CLANG_ANALYZER_NONNULL = YES;
				CLANG_ANALYZER_NUMBER_OBJECT_CONVERSION = YES_AGGRESSIVE;
				CLANG_CXX_LANGUAGE_STANDARD = "gnu++17";
				CLANG_CXX_LIBRARY = "libc++";
				CLANG_ENABLE_MODULES = YES;
				CLANG_ENABLE_OBJC_ARC = YES;
				CLANG_ENABLE_OBJC_WEAK = YES;
				CLANG_WARN_BLOCK_CAPTURE_AUTORELEASING = YES;
				CLANG_WARN_BOOL_CONVERSION = YES;
				CLANG_WARN_COMMA = YES;
				CLANG_WARN_CONSTANT_CONVERSION = YES;
				CLANG_WARN_DEPRECATED_OBJC_IMPLEMENTATIONS = YES;
				CLANG_WARN_DIRECT_OBJC_ISA_USAGE = YES_ERROR;
				CLANG_WARN_DOCUMENTATION_COMMENTS = YES;
				CLANG_WARN_EMPTY_BODY = YES;
				CLANG_WARN_ENUM_CONVERSION = YES;
				CLANG_WARN_INFINITE_RECURSION = YES;
				CLANG_WARN_INT_CONVERSION = YES;
				CLANG_WARN_NON_LITERAL_NULL_CONVERSION = YES;
				CLANG_WARN_OBJC_IMPLICIT_RETAIN_SELF = YES;
				CLANG_WARN_OBJC_LITERAL_CONVERSION = YES;
				CLANG_WARN_OBJC_ROOT_CLASS = YES_ERROR;
				CLANG_WARN_QUOTED_INCLUDE_IN_FRAMEWORK_HEADER = YES;
				CLANG_WARN_RANGE_LOOP_ANALYSIS = YES;
				CLANG_WARN_STRICT_PROTOTYPES = YES;
				CLANG_WARN_SUSPICIOUS_MOVE = YES;
				CLANG_WARN_UNGUARDED_AVAILABILITY = YES_AGGRESSIVE;
				CLANG_WARN_UNREACHABLE_CODE = YES;
				CLANG_WARN__DUPLICATE_METHOD_MATCH = YES;
				COPY_PHASE_STRIP = NO;
				DEBUG_INFORMATION_FORMAT = "dwarf-with-dsym";
				ENABLE_NS_ASSERTIONS = NO;
				ENABLE_STRICT_OBJC_MSGSEND = YES;
				GCC_C_LANGUAGE_STANDARD = gnu11;
				GCC_NO_COMMON_BLOCKS = YES;
				GCC_WARN_64_TO_32_BIT_CONVERSION = YES;
				GCC_WARN_ABOUT_RETURN_TYPE = YES_ERROR;
				GCC_WARN_UNDECLARED_SELECTOR = YES;
				GCC_WARN_UNINITIALIZED_AUTOS = YES_AGGRESSIVE;
				GCC_WARN_UNUSED_FUNCTION = YES;
				GCC_WARN_UNUSED_VARIABLE = YES;
				IPHONEOS_DEPLOYMENT_TARGET = 15.0;
				MTL_ENABLE_DEBUG_INFO = NO;
				MTL_FAST_MATH = YES;
				SDKROOT = iphoneos;
				SWIFT_COMPILATION_MODE = wholemodule;
				SWIFT_OPTIMIZATION_LEVEL = "-O";
				VALIDATE_PRODUCT = YES;
			};
			name = Release;
		};
		ED17B5932795747400C7DE6C /* Debug */ = {
			isa = XCBuildConfiguration;
			buildSettings = {
				ASSETCATALOG_COMPILER_APPICON_NAME = AppIcon;
				ASSETCATALOG_COMPILER_GLOBAL_ACCENT_COLOR_NAME = AccentColor;
				CODE_SIGN_STYLE = Automatic;
				CURRENT_PROJECT_VERSION = 1;
				DEVELOPMENT_TEAM = ZMN78CD7T5;
				GENERATE_INFOPLIST_FILE = YES;
				INFOPLIST_FILE = StepperView/Info.plist;
				INFOPLIST_KEY_UIApplicationSupportsIndirectInputEvents = YES;
				INFOPLIST_KEY_UILaunchStoryboardName = LaunchScreen;
				INFOPLIST_KEY_UIMainStoryboardFile = Main;
				INFOPLIST_KEY_UISupportedInterfaceOrientations_iPad = "UIInterfaceOrientationPortrait UIInterfaceOrientationPortraitUpsideDown UIInterfaceOrientationLandscapeLeft UIInterfaceOrientationLandscapeRight";
				INFOPLIST_KEY_UISupportedInterfaceOrientations_iPhone = "UIInterfaceOrientationPortrait UIInterfaceOrientationLandscapeLeft UIInterfaceOrientationLandscapeRight";
				LD_RUNPATH_SEARCH_PATHS = (
					"$(inherited)",
					"@executable_path/Frameworks",
				);
				MARKETING_VERSION = 1.0;
				PRODUCT_BUNDLE_IDENTIFIER = M.G.StepperView;
				PRODUCT_NAME = "$(TARGET_NAME)";
				SWIFT_EMIT_LOC_STRINGS = YES;
				SWIFT_VERSION = 5.0;
				TARGETED_DEVICE_FAMILY = "1,2";
			};
			name = Debug;
		};
		ED17B5942795747400C7DE6C /* Release */ = {
			isa = XCBuildConfiguration;
			buildSettings = {
				ASSETCATALOG_COMPILER_APPICON_NAME = AppIcon;
				ASSETCATALOG_COMPILER_GLOBAL_ACCENT_COLOR_NAME = AccentColor;
				CODE_SIGN_STYLE = Automatic;
				CURRENT_PROJECT_VERSION = 1;
				DEVELOPMENT_TEAM = ZMN78CD7T5;
				GENERATE_INFOPLIST_FILE = YES;
				INFOPLIST_FILE = StepperView/Info.plist;
				INFOPLIST_KEY_UIApplicationSupportsIndirectInputEvents = YES;
				INFOPLIST_KEY_UILaunchStoryboardName = LaunchScreen;
				INFOPLIST_KEY_UIMainStoryboardFile = Main;
				INFOPLIST_KEY_UISupportedInterfaceOrientations_iPad = "UIInterfaceOrientationPortrait UIInterfaceOrientationPortraitUpsideDown UIInterfaceOrientationLandscapeLeft UIInterfaceOrientationLandscapeRight";
				INFOPLIST_KEY_UISupportedInterfaceOrientations_iPhone = "UIInterfaceOrientationPortrait UIInterfaceOrientationLandscapeLeft UIInterfaceOrientationLandscapeRight";
				LD_RUNPATH_SEARCH_PATHS = (
					"$(inherited)",
					"@executable_path/Frameworks",
				);
				MARKETING_VERSION = 1.0;
				PRODUCT_BUNDLE_IDENTIFIER = M.G.StepperView;
				PRODUCT_NAME = "$(TARGET_NAME)";
				SWIFT_EMIT_LOC_STRINGS = YES;
				SWIFT_VERSION = 5.0;
				TARGETED_DEVICE_FAMILY = "1,2";
			};
			name = Release;
		};
/* End XCBuildConfiguration section */

/* Begin XCConfigurationList section */
		ED17B5792795747100C7DE6C /* Build configuration list for PBXProject "StepperView" */ = {
			isa = XCConfigurationList;
			buildConfigurations = (
				ED17B5902795747400C7DE6C /* Debug */,
				ED17B5912795747400C7DE6C /* Release */,
			);
			defaultConfigurationIsVisible = 0;
			defaultConfigurationName = Release;
		};
		ED17B5922795747400C7DE6C /* Build configuration list for PBXNativeTarget "StepperView" */ = {
			isa = XCConfigurationList;
			buildConfigurations = (
				ED17B5932795747400C7DE6C /* Debug */,
				ED17B5942795747400C7DE6C /* Release */,
			);
			defaultConfigurationIsVisible = 0;
			defaultConfigurationName = Release;
		};
/* End XCConfigurationList section */
	};
	rootObject = ED17B5762795747100C7DE6C /* Project object */;
}
